// !$*UTF8*$!
{
	archiveVersion = 1;
	classes = {
	};
	objectVersion = 77;
	objects = {

/* Begin PBXBuildFile section */
		D913865B2DA9DE36009A9465 /* SwiftSoup in Frameworks */ = {isa = PBXBuildFile; productRef = D913865A2DA9DE36009A9465 /* SwiftSoup */; };
		D9D7F59A2DB82E5200A67E20 /* FeedKit in Frameworks */ = {isa = PBXBuildFile; productRef = D9D7F5992DB82E5200A67E20 /* FeedKit */; };
/* End PBXBuildFile section */

/* Begin PBXContainerItemProxy section */
		D99026C62DA9CD0500FC79BF /* PBXContainerItemProxy */ = {
			isa = PBXContainerItemProxy;
			containerPortal = D99026B02DA9CD0400FC79BF /* Project object */;
			proxyType = 1;
			remoteGlobalIDString = D99026B72DA9CD0400FC79BF;
			remoteInfo = BloomingtonBuzz;
		};
		D99026D02DA9CD0500FC79BF /* PBXContainerItemProxy */ = {
			isa = PBXContainerItemProxy;
			containerPortal = D99026B02DA9CD0400FC79BF /* Project object */;
			proxyType = 1;
			remoteGlobalIDString = D99026B72DA9CD0400FC79BF;
			remoteInfo = BloomingtonBuzz;
		};
/* End PBXContainerItemProxy section */

/* Begin PBXFileReference section */
		D99026B82DA9CD0400FC79BF /* BloomingtonBuzz.app */ = {isa = PBXFileReference; explicitFileType = wrapper.application; includeInIndex = 0; path = BloomingtonBuzz.app; sourceTree = BUILT_PRODUCTS_DIR; };
		D99026C52DA9CD0500FC79BF /* BloomingtonBuzzTests.xctest */ = {isa = PBXFileReference; explicitFileType = wrapper.cfbundle; includeInIndex = 0; path = BloomingtonBuzzTests.xctest; sourceTree = BUILT_PRODUCTS_DIR; };
		D99026CF2DA9CD0500FC79BF /* BloomingtonBuzzUITests.xctest */ = {isa = PBXFileReference; explicitFileType = wrapper.cfbundle; includeInIndex = 0; path = BloomingtonBuzzUITests.xctest; sourceTree = BUILT_PRODUCTS_DIR; };
/* End PBXFileReference section */

/* Begin PBXFileSystemSynchronizedRootGroup section */
		D99026BA2DA9CD0400FC79BF /* BloomingtonBuzz */ = {
			isa = PBXFileSystemSynchronizedRootGroup;
			path = BloomingtonBuzz;
			sourceTree = "<group>";
		};
		D99026C82DA9CD0500FC79BF /* BloomingtonBuzzTests */ = {
			isa = PBXFileSystemSynchronizedRootGroup;
			path = BloomingtonBuzzTests;
			sourceTree = "<group>";
		};
		D99026D22DA9CD0500FC79BF /* BloomingtonBuzzUITests */ = {
			isa = PBXFileSystemSynchronizedRootGroup;
			path = BloomingtonBuzzUITests;
			sourceTree = "<group>";
		};
/* End PBXFileSystemSynchronizedRootGroup section */

/* Begin PBXFrameworksBuildPhase section */
		D99026B52DA9CD0400FC79BF /* Frameworks */ = {
			isa = PBXFrameworksBuildPhase;
			buildActionMask = 2147483647;
			files = (
				D913865B2DA9DE36009A9465 /* SwiftSoup in Frameworks */,
				D9D7F59A2DB82E5200A67E20 /* FeedKit in Frameworks */,
			);
			runOnlyForDeploymentPostprocessing = 0;
		};
		D99026C22DA9CD0500FC79BF /* Frameworks */ = {
			isa = PBXFrameworksBuildPhase;
			buildActionMask = 2147483647;
			files = (
			);
			runOnlyForDeploymentPostprocessing = 0;
		};
		D99026CC2DA9CD0500FC79BF /* Frameworks */ = {
			isa = PBXFrameworksBuildPhase;
			buildActionMask = 2147483647;
			files = (
			);
			runOnlyForDeploymentPostprocessing = 0;
		};
/* End PBXFrameworksBuildPhase section */

/* Begin PBXGroup section */
		D91386592DA9DE36009A9465 /* Frameworks */ = {
			isa = PBXGroup;
			children = (
			);
			name = Frameworks;
			sourceTree = "<group>";
		};
		D99026AF2DA9CD0400FC79BF = {
			isa = PBXGroup;
			children = (
				D99026BA2DA9CD0400FC79BF /* BloomingtonBuzz */,
				D99026C82DA9CD0500FC79BF /* BloomingtonBuzzTests */,
				D99026D22DA9CD0500FC79BF /* BloomingtonBuzzUITests */,
				D91386592DA9DE36009A9465 /* Frameworks */,
				D99026B92DA9CD0400FC79BF /* Products */,
			);
			sourceTree = "<group>";
		};
		D99026B92DA9CD0400FC79BF /* Products */ = {
			isa = PBXGroup;
			children = (
				D99026B82DA9CD0400FC79BF /* BloomingtonBuzz.app */,
				D99026C52DA9CD0500FC79BF /* BloomingtonBuzzTests.xctest */,
				D99026CF2DA9CD0500FC79BF /* BloomingtonBuzzUITests.xctest */,
			);
			name = Products;
			sourceTree = "<group>";
		};
/* End PBXGroup section */

/* Begin PBXNativeTarget section */
		D99026B72DA9CD0400FC79BF /* BloomingtonBuzz */ = {
			isa = PBXNativeTarget;
			buildConfigurationList = D99026D92DA9CD0500FC79BF /* Build configuration list for PBXNativeTarget "BloomingtonBuzz" */;
			buildPhases = (
				D99026B42DA9CD0400FC79BF /* Sources */,
				D99026B52DA9CD0400FC79BF /* Frameworks */,
				D99026B62DA9CD0400FC79BF /* Resources */,
			);
			buildRules = (
			);
			dependencies = (
			);
			fileSystemSynchronizedGroups = (
				D99026BA2DA9CD0400FC79BF /* BloomingtonBuzz */,
			);
			name = BloomingtonBuzz;
			packageProductDependencies = (
				D913865A2DA9DE36009A9465 /* SwiftSoup */,
				D9D7F5992DB82E5200A67E20 /* FeedKit */,
			);
			productName = BloomingtonBuzz;
			productReference = D99026B82DA9CD0400FC79BF /* BloomingtonBuzz.app */;
			productType = "com.apple.product-type.application";
		};
		D99026C42DA9CD0500FC79BF /* BloomingtonBuzzTests */ = {
			isa = PBXNativeTarget;
			buildConfigurationList = D99026DC2DA9CD0500FC79BF /* Build configuration list for PBXNativeTarget "BloomingtonBuzzTests" */;
			buildPhases = (
				D99026C12DA9CD0500FC79BF /* Sources */,
				D99026C22DA9CD0500FC79BF /* Frameworks */,
				D99026C32DA9CD0500FC79BF /* Resources */,
			);
			buildRules = (
			);
			dependencies = (
				D99026C72DA9CD0500FC79BF /* PBXTargetDependency */,
			);
			fileSystemSynchronizedGroups = (
				D99026C82DA9CD0500FC79BF /* BloomingtonBuzzTests */,
			);
			name = BloomingtonBuzzTests;
			packageProductDependencies = (
			);
			productName = BloomingtonBuzzTests;
			productReference = D99026C52DA9CD0500FC79BF /* BloomingtonBuzzTests.xctest */;
			productType = "com.apple.product-type.bundle.unit-test";
		};
		D99026CE2DA9CD0500FC79BF /* BloomingtonBuzzUITests */ = {
			isa = PBXNativeTarget;
			buildConfigurationList = D99026DF2DA9CD0500FC79BF /* Build configuration list for PBXNativeTarget "BloomingtonBuzzUITests" */;
			buildPhases = (
				D99026CB2DA9CD0500FC79BF /* Sources */,
				D99026CC2DA9CD0500FC79BF /* Frameworks */,
				D99026CD2DA9CD0500FC79BF /* Resources */,
			);
			buildRules = (
			);
			dependencies = (
				D99026D12DA9CD0500FC79BF /* PBXTargetDependency */,
			);
			fileSystemSynchronizedGroups = (
				D99026D22DA9CD0500FC79BF /* BloomingtonBuzzUITests */,
			);
			name = BloomingtonBuzzUITests;
			packageProductDependencies = (
			);
			productName = BloomingtonBuzzUITests;
			productReference = D99026CF2DA9CD0500FC79BF /* BloomingtonBuzzUITests.xctest */;
			productType = "com.apple.product-type.bundle.ui-testing";
		};
/* End PBXNativeTarget section */

/* Begin PBXProject section */
		D99026B02DA9CD0400FC79BF /* Project object */ = {
			isa = PBXProject;
			attributes = {
				BuildIndependentTargetsInParallel = 1;
				LastSwiftUpdateCheck = 1630;
				LastUpgradeCheck = 1630;
				TargetAttributes = {
					D99026B72DA9CD0400FC79BF = {
						CreatedOnToolsVersion = 16.3;
					};
					D99026C42DA9CD0500FC79BF = {
						CreatedOnToolsVersion = 16.3;
						TestTargetID = D99026B72DA9CD0400FC79BF;
					};
					D99026CE2DA9CD0500FC79BF = {
						CreatedOnToolsVersion = 16.3;
						TestTargetID = D99026B72DA9CD0400FC79BF;
					};
				};
			};
			buildConfigurationList = D99026B32DA9CD0400FC79BF /* Build configuration list for PBXProject "BloomingtonBuzz" */;
			developmentRegion = en;
			hasScannedForEncodings = 0;
			knownRegions = (
				en,
				Base,
			);
			mainGroup = D99026AF2DA9CD0400FC79BF;
			minimizedProjectReferenceProxies = 1;
			packageReferences = (
				D93F32392DA9DD0800BC1500 /* XCRemoteSwiftPackageReference "SwiftSoup" */,
				D9D7F5982DB82DE200A67E20 /* XCRemoteSwiftPackageReference "FeedKit" */,
			);
			preferredProjectObjectVersion = 77;
			productRefGroup = D99026B92DA9CD0400FC79BF /* Products */;
			projectDirPath = "";
			projectRoot = "";
			targets = (
				D99026B72DA9CD0400FC79BF /* BloomingtonBuzz */,
				D99026C42DA9CD0500FC79BF /* BloomingtonBuzzTests */,
				D99026CE2DA9CD0500FC79BF /* BloomingtonBuzzUITests */,
			);
		};
/* End PBXProject section */

/* Begin PBXResourcesBuildPhase section */
		D99026B62DA9CD0400FC79BF /* Resources */ = {
			isa = PBXResourcesBuildPhase;
			buildActionMask = 2147483647;
			files = (
			);
			runOnlyForDeploymentPostprocessing = 0;
		};
		D99026C32DA9CD0500FC79BF /* Resources */ = {
			isa = PBXResourcesBuildPhase;
			buildActionMask = 2147483647;
			files = (
			);
			runOnlyForDeploymentPostprocessing = 0;
		};
		D99026CD2DA9CD0500FC79BF /* Resources */ = {
			isa = PBXResourcesBuildPhase;
			buildActionMask = 2147483647;
			files = (
			);
			runOnlyForDeploymentPostprocessing = 0;
		};
/* End PBXResourcesBuildPhase section */

/* Begin PBXSourcesBuildPhase section */
		D99026B42DA9CD0400FC79BF /* Sources */ = {
			isa = PBXSourcesBuildPhase;
			buildActionMask = 2147483647;
			files = (
			);
			runOnlyForDeploymentPostprocessing = 0;
		};
		D99026C12DA9CD0500FC79BF /* Sources */ = {
			isa = PBXSourcesBuildPhase;
			buildActionMask = 2147483647;
			files = (
			);
			runOnlyForDeploymentPostprocessing = 0;
		};
		D99026CB2DA9CD0500FC79BF /* Sources */ = {
			isa = PBXSourcesBuildPhase;
			buildActionMask = 2147483647;
			files = (
			);
			runOnlyForDeploymentPostprocessing = 0;
		};
/* End PBXSourcesBuildPhase section */

/* Begin PBXTargetDependency section */
		D99026C72DA9CD0500FC79BF /* PBXTargetDependency */ = {
			isa = PBXTargetDependency;
			target = D99026B72DA9CD0400FC79BF /* BloomingtonBuzz */;
			targetProxy = D99026C62DA9CD0500FC79BF /* PBXContainerItemProxy */;
		};
		D99026D12DA9CD0500FC79BF /* PBXTargetDependency */ = {
			isa = PBXTargetDependency;
			target = D99026B72DA9CD0400FC79BF /* BloomingtonBuzz */;
			targetProxy = D99026D02DA9CD0500FC79BF /* PBXContainerItemProxy */;
		};
/* End PBXTargetDependency section */

/* Begin XCBuildConfiguration section */
		D99026D72DA9CD0500FC79BF /* Debug */ = {
			isa = XCBuildConfiguration;
			buildSettings = {
				ALWAYS_SEARCH_USER_PATHS = NO;
				ASSETCATALOG_COMPILER_GENERATE_SWIFT_ASSET_SYMBOL_EXTENSIONS = YES;
				CLANG_ANALYZER_NONNULL = YES;
				CLANG_ANALYZER_NUMBER_OBJECT_CONVERSION = YES_AGGRESSIVE;
				CLANG_CXX_LANGUAGE_STANDARD = "gnu++20";
				CLANG_ENABLE_MODULES = YES;
				CLANG_ENABLE_OBJC_ARC = YES;
				CLANG_ENABLE_OBJC_WEAK = YES;
				CLANG_WARN_BLOCK_CAPTURE_AUTORELEASING = YES;
				CLANG_WARN_BOOL_CONVERSION = YES;
				CLANG_WARN_COMMA = YES;
				CLANG_WARN_CONSTANT_CONVERSION = YES;
				CLANG_WARN_DEPRECATED_OBJC_IMPLEMENTATIONS = YES;
				CLANG_WARN_DIRECT_OBJC_ISA_USAGE = YES_ERROR;
				CLANG_WARN_DOCUMENTATION_COMMENTS = YES;
				CLANG_WARN_EMPTY_BODY = YES;
				CLANG_WARN_ENUM_CONVERSION = YES;
				CLANG_WARN_INFINITE_RECURSION = YES;
				CLANG_WARN_INT_CONVERSION = YES;
				CLANG_WARN_NON_LITERAL_NULL_CONVERSION = YES;
				CLANG_WARN_OBJC_IMPLICIT_RETAIN_SELF = YES;
				CLANG_WARN_OBJC_LITERAL_CONVERSION = YES;
				CLANG_WARN_OBJC_ROOT_CLASS = YES_ERROR;
				CLANG_WARN_QUOTED_INCLUDE_IN_FRAMEWORK_HEADER = YES;
				CLANG_WARN_RANGE_LOOP_ANALYSIS = YES;
				CLANG_WARN_STRICT_PROTOTYPES = YES;
				CLANG_WARN_SUSPICIOUS_MOVE = YES;
				CLANG_WARN_UNGUARDED_AVAILABILITY = YES_AGGRESSIVE;
				CLANG_WARN_UNREACHABLE_CODE = YES;
				CLANG_WARN__DUPLICATE_METHOD_MATCH = YES;
				COPY_PHASE_STRIP = NO;
				DEBUG_INFORMATION_FORMAT = dwarf;
				DEVELOPMENT_TEAM = TA458W59C9;
				ENABLE_STRICT_OBJC_MSGSEND = YES;
				ENABLE_TESTABILITY = YES;
				ENABLE_USER_SCRIPT_SANDBOXING = YES;
				GCC_C_LANGUAGE_STANDARD = gnu17;
				GCC_DYNAMIC_NO_PIC = NO;
				GCC_NO_COMMON_BLOCKS = YES;
				GCC_OPTIMIZATION_LEVEL = 0;
				GCC_PREPROCESSOR_DEFINITIONS = (
					"DEBUG=1",
					"$(inherited)",
				);
				GCC_WARN_64_TO_32_BIT_CONVERSION = YES;
				GCC_WARN_ABOUT_RETURN_TYPE = YES_ERROR;
				GCC_WARN_UNDECLARED_SELECTOR = YES;
				GCC_WARN_UNINITIALIZED_AUTOS = YES_AGGRESSIVE;
				GCC_WARN_UNUSED_FUNCTION = YES;
				GCC_WARN_UNUSED_VARIABLE = YES;
				IPHONEOS_DEPLOYMENT_TARGET = 18.4;
				LOCALIZATION_PREFERS_STRING_CATALOGS = YES;
				MTL_ENABLE_DEBUG_INFO = INCLUDE_SOURCE;
				MTL_FAST_MATH = YES;
				ONLY_ACTIVE_ARCH = YES;
				SDKROOT = iphoneos;
				SWIFT_ACTIVE_COMPILATION_CONDITIONS = "DEBUG $(inherited)";
				SWIFT_OPTIMIZATION_LEVEL = "-Onone";
			};
			name = Debug;
		};
		D99026D82DA9CD0500FC79BF /* Release */ = {
			isa = XCBuildConfiguration;
			buildSettings = {
				ALWAYS_SEARCH_USER_PATHS = NO;
				ASSETCATALOG_COMPILER_GENERATE_SWIFT_ASSET_SYMBOL_EXTENSIONS = YES;
				CLANG_ANALYZER_NONNULL = YES;
				CLANG_ANALYZER_NUMBER_OBJECT_CONVERSION = YES_AGGRESSIVE;
				CLANG_CXX_LANGUAGE_STANDARD = "gnu++20";
				CLANG_ENABLE_MODULES = YES;
				CLANG_ENABLE_OBJC_ARC = YES;
				CLANG_ENABLE_OBJC_WEAK = YES;
				CLANG_WARN_BLOCK_CAPTURE_AUTORELEASING = YES;
				CLANG_WARN_BOOL_CONVERSION = YES;
				CLANG_WARN_COMMA = YES;
				CLANG_WARN_CONSTANT_CONVERSION = YES;
				CLANG_WARN_DEPRECATED_OBJC_IMPLEMENTATIONS = YES;
				CLANG_WARN_DIRECT_OBJC_ISA_USAGE = YES_ERROR;
				CLANG_WARN_DOCUMENTATION_COMMENTS = YES;
				CLANG_WARN_EMPTY_BODY = YES;
				CLANG_WARN_ENUM_CONVERSION = YES;
				CLANG_WARN_INFINITE_RECURSION = YES;
				CLANG_WARN_INT_CONVERSION = YES;
				CLANG_WARN_NON_LITERAL_NULL_CONVERSION = YES;
				CLANG_WARN_OBJC_IMPLICIT_RETAIN_SELF = YES;
				CLANG_WARN_OBJC_LITERAL_CONVERSION = YES;
				CLANG_WARN_OBJC_ROOT_CLASS = YES_ERROR;
				CLANG_WARN_QUOTED_INCLUDE_IN_FRAMEWORK_HEADER = YES;
				CLANG_WARN_RANGE_LOOP_ANALYSIS = YES;
				CLANG_WARN_STRICT_PROTOTYPES = YES;
				CLANG_WARN_SUSPICIOUS_MOVE = YES;
				CLANG_WARN_UNGUARDED_AVAILABILITY = YES_AGGRESSIVE;
				CLANG_WARN_UNREACHABLE_CODE = YES;
				CLANG_WARN__DUPLICATE_METHOD_MATCH = YES;
				COPY_PHASE_STRIP = NO;
				DEBUG_INFORMATION_FORMAT = "dwarf-with-dsym";
				DEVELOPMENT_TEAM = TA458W59C9;
				ENABLE_NS_ASSERTIONS = NO;
				ENABLE_STRICT_OBJC_MSGSEND = YES;
				ENABLE_USER_SCRIPT_SANDBOXING = YES;
				GCC_C_LANGUAGE_STANDARD = gnu17;
				GCC_NO_COMMON_BLOCKS = YES;
				GCC_WARN_64_TO_32_BIT_CONVERSION = YES;
				GCC_WARN_ABOUT_RETURN_TYPE = YES_ERROR;
				GCC_WARN_UNDECLARED_SELECTOR = YES;
				GCC_WARN_UNINITIALIZED_AUTOS = YES_AGGRESSIVE;
				GCC_WARN_UNUSED_FUNCTION = YES;
				GCC_WARN_UNUSED_VARIABLE = YES;
				IPHONEOS_DEPLOYMENT_TARGET = 18.4;
				LOCALIZATION_PREFERS_STRING_CATALOGS = YES;
				MTL_ENABLE_DEBUG_INFO = NO;
				MTL_FAST_MATH = YES;
				SDKROOT = iphoneos;
				SWIFT_COMPILATION_MODE = wholemodule;
				VALIDATE_PRODUCT = YES;
			};
			name = Release;
		};
		D99026DA2DA9CD0500FC79BF /* Debug */ = {
			isa = XCBuildConfiguration;
			buildSettings = {
				ASSETCATALOG_COMPILER_APPICON_NAME = AppIcon;
				ASSETCATALOG_COMPILER_GLOBAL_ACCENT_COLOR_NAME = AccentColor;
				CODE_SIGN_STYLE = Automatic;
				CURRENT_PROJECT_VERSION = 1;
				DEVELOPMENT_TEAM = TA458W59C9;
				ENABLE_PREVIEWS = YES;
				GENERATE_INFOPLIST_FILE = YES;
				INFOPLIST_KEY_LSApplicationCategoryType = "";
				INFOPLIST_KEY_NSLocationWhenInUseUsageDescription = "We need your location to show you events near you and display your position on the map.";
				INFOPLIST_KEY_UIApplicationSceneManifest_Generation = YES;
				INFOPLIST_KEY_UIApplicationSupportsIndirectInputEvents = YES;
				INFOPLIST_KEY_UILaunchScreen_Generation = YES;
				INFOPLIST_KEY_UISupportedInterfaceOrientations_iPad = "UIInterfaceOrientationPortrait UIInterfaceOrientationPortraitUpsideDown UIInterfaceOrientationLandscapeLeft UIInterfaceOrientationLandscapeRight";
				INFOPLIST_KEY_UISupportedInterfaceOrientations_iPhone = "UIInterfaceOrientationPortrait UIInterfaceOrientationLandscapeLeft UIInterfaceOrientationLandscapeRight";
				LD_RUNPATH_SEARCH_PATHS = (
					"$(inherited)",
					"@executable_path/Frameworks",
				);
				MARKETING_VERSION = 1.0;
				PRODUCT_BUNDLE_IDENTIFIER = info.ishan.BloomingtonBuzz;
				PRODUCT_NAME = "$(TARGET_NAME)";
				SWIFT_EMIT_LOC_STRINGS = YES;
				SWIFT_VERSION = 5.0;
				TARGETED_DEVICE_FAMILY = "1,2";
			};
			name = Debug;
		};
		D99026DB2DA9CD0500FC79BF /* Release */ = {
			isa = XCBuildConfiguration;
			buildSettings = {
				ASSETCATALOG_COMPILER_APPICON_NAME = AppIcon;
				ASSETCATALOG_COMPILER_GLOBAL_ACCENT_COLOR_NAME = AccentColor;
				CODE_SIGN_STYLE = Automatic;
				CURRENT_PROJECT_VERSION = 1;
				DEVELOPMENT_TEAM = TA458W59C9;
				ENABLE_PREVIEWS = YES;
				GENERATE_INFOPLIST_FILE = YES;
				INFOPLIST_KEY_LSApplicationCategoryType = "";
				INFOPLIST_KEY_NSLocationWhenInUseUsageDescription = "We need your location to show you events near you and display your position on the map.";
				INFOPLIST_KEY_UIApplicationSceneManifest_Generation = YES;
				INFOPLIST_KEY_UIApplicationSupportsIndirectInputEvents = YES;
				INFOPLIST_KEY_UILaunchScreen_Generation = YES;
				INFOPLIST_KEY_UISupportedInterfaceOrientations_iPad = "UIInterfaceOrientationPortrait UIInterfaceOrientationPortraitUpsideDown UIInterfaceOrientationLandscapeLeft UIInterfaceOrientationLandscapeRight";
				INFOPLIST_KEY_UISupportedInterfaceOrientations_iPhone = "UIInterfaceOrientationPortrait UIInterfaceOrientationLandscapeLeft UIInterfaceOrientationLandscapeRight";
				LD_RUNPATH_SEARCH_PATHS = (
					"$(inherited)",
					"@executable_path/Frameworks",
				);
				MARKETING_VERSION = 1.0;
				PRODUCT_BUNDLE_IDENTIFIER = info.ishan.BloomingtonBuzz;
				PRODUCT_NAME = "$(TARGET_NAME)";
				SWIFT_EMIT_LOC_STRINGS = YES;
				SWIFT_VERSION = 5.0;
				TARGETED_DEVICE_FAMILY = "1,2";
			};
			name = Release;
		};
		D99026DD2DA9CD0500FC79BF /* Debug */ = {
			isa = XCBuildConfiguration;
			buildSettings = {
				BUNDLE_LOADER = "$(TEST_HOST)";
				CODE_SIGN_STYLE = Automatic;
				CURRENT_PROJECT_VERSION = 1;
				DEVELOPMENT_TEAM = TA458W59C9;
				GENERATE_INFOPLIST_FILE = YES;
				IPHONEOS_DEPLOYMENT_TARGET = 18.4;
				MARKETING_VERSION = 1.0;
				PRODUCT_BUNDLE_IDENTIFIER = info.ishan.BloomingtonBuzzTests;
				PRODUCT_NAME = "$(TARGET_NAME)";
				SWIFT_EMIT_LOC_STRINGS = NO;
				SWIFT_VERSION = 5.0;
				TARGETED_DEVICE_FAMILY = "1,2";
				TEST_HOST = "$(BUILT_PRODUCTS_DIR)/BloomingtonBuzz.app/$(BUNDLE_EXECUTABLE_FOLDER_PATH)/BloomingtonBuzz";
			};
			name = Debug;
		};
		D99026DE2DA9CD0500FC79BF /* Release */ = {
			isa = XCBuildConfiguration;
			buildSettings = {
				BUNDLE_LOADER = "$(TEST_HOST)";
				CODE_SIGN_STYLE = Automatic;
				CURRENT_PROJECT_VERSION = 1;
				DEVELOPMENT_TEAM = TA458W59C9;
				GENERATE_INFOPLIST_FILE = YES;
				IPHONEOS_DEPLOYMENT_TARGET = 18.4;
				MARKETING_VERSION = 1.0;
				PRODUCT_BUNDLE_IDENTIFIER = info.ishan.BloomingtonBuzzTests;
				PRODUCT_NAME = "$(TARGET_NAME)";
				SWIFT_EMIT_LOC_STRINGS = NO;
				SWIFT_VERSION = 5.0;
				TARGETED_DEVICE_FAMILY = "1,2";
				TEST_HOST = "$(BUILT_PRODUCTS_DIR)/BloomingtonBuzz.app/$(BUNDLE_EXECUTABLE_FOLDER_PATH)/BloomingtonBuzz";
			};
			name = Release;
		};
		D99026E02DA9CD0500FC79BF /* Debug */ = {
			isa = XCBuildConfiguration;
			buildSettings = {
				CODE_SIGN_STYLE = Automatic;
				CURRENT_PROJECT_VERSION = 1;
				DEVELOPMENT_TEAM = TA458W59C9;
				GENERATE_INFOPLIST_FILE = YES;
				MARKETING_VERSION = 1.0;
				PRODUCT_BUNDLE_IDENTIFIER = info.ishan.BloomingtonBuzzUITests;
				PRODUCT_NAME = "$(TARGET_NAME)";
				SWIFT_EMIT_LOC_STRINGS = NO;
				SWIFT_VERSION = 5.0;
				TARGETED_DEVICE_FAMILY = "1,2";
				TEST_TARGET_NAME = BloomingtonBuzz;
			};
			name = Debug;
		};
		D99026E12DA9CD0500FC79BF /* Release */ = {
			isa = XCBuildConfiguration;
			buildSettings = {
				CODE_SIGN_STYLE = Automatic;
				CURRENT_PROJECT_VERSION = 1;
				DEVELOPMENT_TEAM = TA458W59C9;
				GENERATE_INFOPLIST_FILE = YES;
				MARKETING_VERSION = 1.0;
				PRODUCT_BUNDLE_IDENTIFIER = info.ishan.BloomingtonBuzzUITests;
				PRODUCT_NAME = "$(TARGET_NAME)";
				SWIFT_EMIT_LOC_STRINGS = NO;
				SWIFT_VERSION = 5.0;
				TARGETED_DEVICE_FAMILY = "1,2";
				TEST_TARGET_NAME = BloomingtonBuzz;
			};
			name = Release;
		};
/* End XCBuildConfiguration section */

/* Begin XCConfigurationList section */
		D99026B32DA9CD0400FC79BF /* Build configuration list for PBXProject "BloomingtonBuzz" */ = {
			isa = XCConfigurationList;
			buildConfigurations = (
				D99026D72DA9CD0500FC79BF /* Debug */,
				D99026D82DA9CD0500FC79BF /* Release */,
			);
			defaultConfigurationIsVisible = 0;
			defaultConfigurationName = Release;
		};
		D99026D92DA9CD0500FC79BF /* Build configuration list for PBXNativeTarget "BloomingtonBuzz" */ = {
			isa = XCConfigurationList;
			buildConfigurations = (
				D99026DA2DA9CD0500FC79BF /* Debug */,
				D99026DB2DA9CD0500FC79BF /* Release */,
			);
			defaultConfigurationIsVisible = 0;
			defaultConfigurationName = Release;
		};
		D99026DC2DA9CD0500FC79BF /* Build configuration list for PBXNativeTarget "BloomingtonBuzzTests" */ = {
			isa = XCConfigurationList;
			buildConfigurations = (
				D99026DD2DA9CD0500FC79BF /* Debug */,
				D99026DE2DA9CD0500FC79BF /* Release */,
			);
			defaultConfigurationIsVisible = 0;
			defaultConfigurationName = Release;
		};
		D99026DF2DA9CD0500FC79BF /* Build configuration list for PBXNativeTarget "BloomingtonBuzzUITests" */ = {
			isa = XCConfigurationList;
			buildConfigurations = (
				D99026E02DA9CD0500FC79BF /* Debug */,
				D99026E12DA9CD0500FC79BF /* Release */,
			);
			defaultConfigurationIsVisible = 0;
			defaultConfigurationName = Release;
		};
/* End XCConfigurationList section */

/* Begin XCRemoteSwiftPackageReference section */
		D93F32392DA9DD0800BC1500 /* XCRemoteSwiftPackageReference "SwiftSoup" */ = {
			isa = XCRemoteSwiftPackageReference;
			repositoryURL = "https://github.com/scinfu/SwiftSoup.git";
			requirement = {
				kind = upToNextMajorVersion;
				minimumVersion = 2.8.7;
			};
		};
		D9D7F5982DB82DE200A67E20 /* XCRemoteSwiftPackageReference "FeedKit" */ = {
			isa = XCRemoteSwiftPackageReference;
			repositoryURL = "https://github.com/nmdias/FeedKit.git";
			requirement = {
				kind = upToNextMajorVersion;
				minimumVersion = 9.1.2;
			};
		};
/* End XCRemoteSwiftPackageReference section */

/* Begin XCSwiftPackageProductDependency section */
		D913865A2DA9DE36009A9465 /* SwiftSoup */ = {
			isa = XCSwiftPackageProductDependency;
			package = D93F32392DA9DD0800BC1500 /* XCRemoteSwiftPackageReference "SwiftSoup" */;
			productName = SwiftSoup;
		};
		D9D7F5992DB82E5200A67E20 /* FeedKit */ = {
			isa = XCSwiftPackageProductDependency;
			package = D9D7F5982DB82DE200A67E20 /* XCRemoteSwiftPackageReference "FeedKit" */;
			productName = FeedKit;
		};
/* End XCSwiftPackageProductDependency section */
	};
	rootObject = D99026B02DA9CD0400FC79BF /* Project object */;
}
